// !$*UTF8*$!
{
	archiveVersion = 1;
	classes = {
	};
	objectVersion = 55;
	objects = {

/* Begin PBXBuildFile section */
		DE76A1122876137C009FDA4D /* SideMenu.swift in Sources */ = {isa = PBXBuildFile; fileRef = DE76A1112876137C009FDA4D /* SideMenu.swift */; };
		DE76A11428761395009FDA4D /* InfoViewController.swift in Sources */ = {isa = PBXBuildFile; fileRef = DE76A11328761395009FDA4D /* InfoViewController.swift */; };
		DE76A116287613A8009FDA4D /* SettingsViewController.swift in Sources */ = {isa = PBXBuildFile; fileRef = DE76A115287613A8009FDA4D /* SettingsViewController.swift */; };
		DEA7015D28760C6300B0FD7A /* AppDelegate.swift in Sources */ = {isa = PBXBuildFile; fileRef = DEA7015C28760C6300B0FD7A /* AppDelegate.swift */; };
		DEA7015F28760C6300B0FD7A /* SceneDelegate.swift in Sources */ = {isa = PBXBuildFile; fileRef = DEA7015E28760C6300B0FD7A /* SceneDelegate.swift */; };
		DEA7016128760C6300B0FD7A /* ViewController.swift in Sources */ = {isa = PBXBuildFile; fileRef = DEA7016028760C6300B0FD7A /* ViewController.swift */; };
		DEA7016428760C6300B0FD7A /* Main.storyboard in Resources */ = {isa = PBXBuildFile; fileRef = DEA7016228760C6300B0FD7A /* Main.storyboard */; };
		DEA7016628760C6400B0FD7A /* Assets.xcassets in Resources */ = {isa = PBXBuildFile; fileRef = DEA7016528760C6400B0FD7A /* Assets.xcassets */; };
		DEA7016928760C6400B0FD7A /* LaunchScreen.storyboard in Resources */ = {isa = PBXBuildFile; fileRef = DEA7016728760C6400B0FD7A /* LaunchScreen.storyboard */; };
		F6BAB9DB98FBA408DE32A5C5 /* Pods_mySideMenuProject.framework in Frameworks */ = {isa = PBXBuildFile; fileRef = 9C3982AF11B460D9D9AD4F0E /* Pods_mySideMenuProject.framework */; };
/* End PBXBuildFile section */

/* Begin PBXFileReference section */
		4CD15FBAAA5E43EA83FB480B /* Pods-mySideMenuProject.debug.xcconfig */ = {isa = PBXFileReference; includeInIndex = 1; lastKnownFileType = text.xcconfig; name = "Pods-mySideMenuProject.debug.xcconfig"; path = "Target Support Files/Pods-mySideMenuProject/Pods-mySideMenuProject.debug.xcconfig"; sourceTree = "<group>"; };
		9C3982AF11B460D9D9AD4F0E /* Pods_mySideMenuProject.framework */ = {isa = PBXFileReference; explicitFileType = wrapper.framework; includeInIndex = 0; path = Pods_mySideMenuProject.framework; sourceTree = BUILT_PRODUCTS_DIR; };
		C04D9C886BFBAD5494E4702C /* Pods-mySideMenuProject.release.xcconfig */ = {isa = PBXFileReference; includeInIndex = 1; lastKnownFileType = text.xcconfig; name = "Pods-mySideMenuProject.release.xcconfig"; path = "Target Support Files/Pods-mySideMenuProject/Pods-mySideMenuProject.release.xcconfig"; sourceTree = "<group>"; };
		DE76A1112876137C009FDA4D /* SideMenu.swift */ = {isa = PBXFileReference; lastKnownFileType = sourcecode.swift; path = SideMenu.swift; sourceTree = "<group>"; };
		DE76A11328761395009FDA4D /* InfoViewController.swift */ = {isa = PBXFileReference; lastKnownFileType = sourcecode.swift; path = InfoViewController.swift; sourceTree = "<group>"; };
		DE76A115287613A8009FDA4D /* SettingsViewController.swift */ = {isa = PBXFileReference; lastKnownFileType = sourcecode.swift; path = SettingsViewController.swift; sourceTree = "<group>"; };
		DEA7015928760C6300B0FD7A /* mySideMenuProject.app */ = {isa = PBXFileReference; explicitFileType = wrapper.application; includeInIndex = 0; path = mySideMenuProject.app; sourceTree = BUILT_PRODUCTS_DIR; };
		DEA7015C28760C6300B0FD7A /* AppDelegate.swift */ = {isa = PBXFileReference; lastKnownFileType = sourcecode.swift; path = AppDelegate.swift; sourceTree = "<group>"; };
		DEA7015E28760C6300B0FD7A /* SceneDelegate.swift */ = {isa = PBXFileReference; lastKnownFileType = sourcecode.swift; path = SceneDelegate.swift; sourceTree = "<group>"; };
		DEA7016028760C6300B0FD7A /* ViewController.swift */ = {isa = PBXFileReference; lastKnownFileType = sourcecode.swift; path = ViewController.swift; sourceTree = "<group>"; };
		DEA7016328760C6300B0FD7A /* Base */ = {isa = PBXFileReference; lastKnownFileType = file.storyboard; name = Base; path = Base.lproj/Main.storyboard; sourceTree = "<group>"; };
		DEA7016528760C6400B0FD7A /* Assets.xcassets */ = {isa = PBXFileReference; lastKnownFileType = folder.assetcatalog; path = Assets.xcassets; sourceTree = "<group>"; };
		DEA7016828760C6400B0FD7A /* Base */ = {isa = PBXFileReference; lastKnownFileType = file.storyboard; name = Base; path = Base.lproj/LaunchScreen.storyboard; sourceTree = "<group>"; };
		DEA7016A28760C6400B0FD7A /* Info.plist */ = {isa = PBXFileReference; lastKnownFileType = text.plist.xml; path = Info.plist; sourceTree = "<group>"; };
/* End PBXFileReference section */

/* Begin PBXFrameworksBuildPhase section */
		DEA7015628760C6200B0FD7A /* Frameworks */ = {
			isa = PBXFrameworksBuildPhase;
			buildActionMask = 2147483647;
			files = (
				F6BAB9DB98FBA408DE32A5C5 /* Pods_mySideMenuProject.framework in Frameworks */,
			);
			runOnlyForDeploymentPostprocessing = 0;
		};
/* End PBXFrameworksBuildPhase section */

/* Begin PBXGroup section */
		1DD5A5E7B019F67D8D849039 /* Pods */ = {
			isa = PBXGroup;
			children = (
				4CD15FBAAA5E43EA83FB480B /* Pods-mySideMenuProject.debug.xcconfig */,
				C04D9C886BFBAD5494E4702C /* Pods-mySideMenuProject.release.xcconfig */,
			);
			path = Pods;
			sourceTree = "<group>";
		};
		69FC2F79E48B486F2E76F18D /* Frameworks */ = {
			isa = PBXGroup;
			children = (
				9C3982AF11B460D9D9AD4F0E /* Pods_mySideMenuProject.framework */,
			);
			name = Frameworks;
			sourceTree = "<group>";
		};
		DEA7015028760C6200B0FD7A = {
			isa = PBXGroup;
			children = (
				DEA7015B28760C6300B0FD7A /* mySideMenuProject */,
				DEA7015A28760C6300B0FD7A /* Products */,
				1DD5A5E7B019F67D8D849039 /* Pods */,
				69FC2F79E48B486F2E76F18D /* Frameworks */,
			);
			sourceTree = "<group>";
		};
		DEA7015A28760C6300B0FD7A /* Products */ = {
			isa = PBXGroup;
			children = (
				DEA7015928760C6300B0FD7A /* mySideMenuProject.app */,
			);
			name = Products;
			sourceTree = "<group>";
		};
		DEA7015B28760C6300B0FD7A /* mySideMenuProject */ = {
			isa = PBXGroup;
			children = (
				DEA7015C28760C6300B0FD7A /* AppDelegate.swift */,
				DEA7015E28760C6300B0FD7A /* SceneDelegate.swift */,
				DEA7016028760C6300B0FD7A /* ViewController.swift */,
				DEA7016228760C6300B0FD7A /* Main.storyboard */,
				DEA7016528760C6400B0FD7A /* Assets.xcassets */,
				DEA7016728760C6400B0FD7A /* LaunchScreen.storyboard */,
				DEA7016A28760C6400B0FD7A /* Info.plist */,
				DE76A1112876137C009FDA4D /* SideMenu.swift */,
				DE76A11328761395009FDA4D /* InfoViewController.swift */,
				DE76A115287613A8009FDA4D /* SettingsViewController.swift */,
			);
			path = mySideMenuProject;
			sourceTree = "<group>";
		};
/* End PBXGroup section */

/* Begin PBXNativeTarget section */
		DEA7015828760C6200B0FD7A /* mySideMenuProject */ = {
			isa = PBXNativeTarget;
			buildConfigurationList = DEA7016D28760C6400B0FD7A /* Build configuration list for PBXNativeTarget "mySideMenuProject" */;
			buildPhases = (
				96D58AFA0738A30C801C16EB /* [CP] Check Pods Manifest.lock */,
				DEA7015528760C6200B0FD7A /* Sources */,
				DEA7015628760C6200B0FD7A /* Frameworks */,
				DEA7015728760C6200B0FD7A /* Resources */,
				72738D636EEF4EE1412AC75D /* [CP] Embed Pods Frameworks */,
			);
			buildRules = (
			);
			dependencies = (
			);
			name = mySideMenuProject;
			productName = mySideMenuProject;
			productReference = DEA7015928760C6300B0FD7A /* mySideMenuProject.app */;
			productType = "com.apple.product-type.application";
		};
/* End PBXNativeTarget section */

/* Begin PBXProject section */
		DEA7015128760C6200B0FD7A /* Project object */ = {
			isa = PBXProject;
			attributes = {
				BuildIndependentTargetsInParallel = 1;
				LastSwiftUpdateCheck = 1340;
				LastUpgradeCheck = 1340;
				TargetAttributes = {
					DEA7015828760C6200B0FD7A = {
						CreatedOnToolsVersion = 13.4.1;
					};
				};
			};
			buildConfigurationList = DEA7015428760C6200B0FD7A /* Build configuration list for PBXProject "mySideMenuProject" */;
			compatibilityVersion = "Xcode 13.0";
			developmentRegion = en;
			hasScannedForEncodings = 0;
			knownRegions = (
				en,
				Base,
			);
			mainGroup = DEA7015028760C6200B0FD7A;
			productRefGroup = DEA7015A28760C6300B0FD7A /* Products */;
			projectDirPath = "";
			projectRoot = "";
			targets = (
				DEA7015828760C6200B0FD7A /* mySideMenuProject */,
			);
		};
/* End PBXProject section */

/* Begin PBXResourcesBuildPhase section */
		DEA7015728760C6200B0FD7A /* Resources */ = {
			isa = PBXResourcesBuildPhase;
			buildActionMask = 2147483647;
			files = (
				DEA7016928760C6400B0FD7A /* LaunchScreen.storyboard in Resources */,
				DEA7016628760C6400B0FD7A /* Assets.xcassets in Resources */,
				DEA7016428760C6300B0FD7A /* Main.storyboard in Resources */,
			);
			runOnlyForDeploymentPostprocessing = 0;
		};
/* End PBXResourcesBuildPhase section */

/* Begin PBXShellScriptBuildPhase section */
		72738D636EEF4EE1412AC75D /* [CP] Embed Pods Frameworks */ = {
			isa = PBXShellScriptBuildPhase;
			buildActionMask = 2147483647;
			files = (
			);
			inputFileListPaths = (
				"${PODS_ROOT}/Target Support Files/Pods-mySideMenuProject/Pods-mySideMenuProject-frameworks-${CONFIGURATION}-input-files.xcfilelist",
			);
			name = "[CP] Embed Pods Frameworks";
			outputFileListPaths = (
				"${PODS_ROOT}/Target Support Files/Pods-mySideMenuProject/Pods-mySideMenuProject-frameworks-${CONFIGURATION}-output-files.xcfilelist",
			);
			runOnlyForDeploymentPostprocessing = 0;
			shellPath = /bin/sh;
			shellScript = "\"${PODS_ROOT}/Target Support Files/Pods-mySideMenuProject/Pods-mySideMenuProject-frameworks.sh\"\n";
			showEnvVarsInLog = 0;
		};
		96D58AFA0738A30C801C16EB /* [CP] Check Pods Manifest.lock */ = {
			isa = PBXShellScriptBuildPhase;
			buildActionMask = 2147483647;
			files = (
			);
			inputFileListPaths = (
			);
			inputPaths = (
				"${PODS_PODFILE_DIR_PATH}/Podfile.lock",
				"${PODS_ROOT}/Manifest.lock",
			);
			name = "[CP] Check Pods Manifest.lock";
			outputFileListPaths = (
			);
			outputPaths = (
				"$(DERIVED_FILE_DIR)/Pods-mySideMenuProject-checkManifestLockResult.txt",
			);
			runOnlyForDeploymentPostprocessing = 0;
			shellPath = /bin/sh;
			shellScript = "diff \"${PODS_PODFILE_DIR_PATH}/Podfile.lock\" \"${PODS_ROOT}/Manifest.lock\" > /dev/null\nif [ $? != 0 ] ; then\n    # print error to STDERR\n    echo \"error: The sandbox is not in sync with the Podfile.lock. Run 'pod install' or update your CocoaPods installation.\" >&2\n    exit 1\nfi\n# This output is used by Xcode 'outputs' to avoid re-running this script phase.\necho \"SUCCESS\" > \"${SCRIPT_OUTPUT_FILE_0}\"\n";
			showEnvVarsInLog = 0;
		};
/* End PBXShellScriptBuildPhase section */

/* Begin PBXSourcesBuildPhase section */
		DEA7015528760C6200B0FD7A /* Sources */ = {
			isa = PBXSourcesBuildPhase;
			buildActionMask = 2147483647;
			files = (
				DEA7016128760C6300B0FD7A /* ViewController.swift in Sources */,
				DEA7015D28760C6300B0FD7A /* AppDelegate.swift in Sources */,
				DEA7015F28760C6300B0FD7A /* SceneDelegate.swift in Sources */,
				DE76A1122876137C009FDA4D /* SideMenu.swift in Sources */,
				DE76A11428761395009FDA4D /* InfoViewController.swift in Sources */,
				DE76A116287613A8009FDA4D /* SettingsViewController.swift in Sources */,
			);
			runOnlyForDeploymentPostprocessing = 0;
		};
/* End PBXSourcesBuildPhase section */

/* Begin PBXVariantGroup section */
		DEA7016228760C6300B0FD7A /* Main.storyboard */ = {
			isa = PBXVariantGroup;
			children = (
				DEA7016328760C6300B0FD7A /* Base */,
			);
			name = Main.storyboard;
			sourceTree = "<group>";
		};
		DEA7016728760C6400B0FD7A /* LaunchScreen.storyboard */ = {
			isa = PBXVariantGroup;
			children = (
				DEA7016828760C6400B0FD7A /* Base */,
			);
			name = LaunchScreen.storyboard;
			sourceTree = "<group>";
		};
/* End PBXVariantGroup section */

/* Begin XCBuildConfiguration section */
		DEA7016B28760C6400B0FD7A /* Debug */ = {
			isa = XCBuildConfiguration;
			buildSettings = {
				ALWAYS_SEARCH_USER_PATHS = NO;
				CLANG_ANALYZER_NONNULL = YES;
				CLANG_ANALYZER_NUMBER_OBJECT_CONVERSION = YES_AGGRESSIVE;
				CLANG_CXX_LANGUAGE_STANDARD = "gnu++17";
				CLANG_ENABLE_MODULES = YES;
				CLANG_ENABLE_OBJC_ARC = YES;
				CLANG_ENABLE_OBJC_WEAK = YES;
				CLANG_WARN_BLOCK_CAPTURE_AUTORELEASING = YES;
				CLANG_WARN_BOOL_CONVERSION = YES;
				CLANG_WARN_COMMA = YES;
				CLANG_WARN_CONSTANT_CONVERSION = YES;
				CLANG_WARN_DEPRECATED_OBJC_IMPLEMENTATIONS = YES;
				CLANG_WARN_DIRECT_OBJC_ISA_USAGE = YES_ERROR;
				CLANG_WARN_DOCUMENTATION_COMMENTS = YES;
				CLANG_WARN_EMPTY_BODY = YES;
				CLANG_WARN_ENUM_CONVERSION = YES;
				CLANG_WARN_INFINITE_RECURSION = YES;
				CLANG_WARN_INT_CONVERSION = YES;
				CLANG_WARN_NON_LITERAL_NULL_CONVERSION = YES;
				CLANG_WARN_OBJC_IMPLICIT_RETAIN_SELF = YES;
				CLANG_WARN_OBJC_LITERAL_CONVERSION = YES;
				CLANG_WARN_OBJC_ROOT_CLASS = YES_ERROR;
				CLANG_WARN_QUOTED_INCLUDE_IN_FRAMEWORK_HEADER = YES;
				CLANG_WARN_RANGE_LOOP_ANALYSIS = YES;
				CLANG_WARN_STRICT_PROTOTYPES = YES;
				CLANG_WARN_SUSPICIOUS_MOVE = YES;
				CLANG_WARN_UNGUARDED_AVAILABILITY = YES_AGGRESSIVE;
				CLANG_WARN_UNREACHABLE_CODE = YES;
				CLANG_WARN__DUPLICATE_METHOD_MATCH = YES;
				COPY_PHASE_STRIP = NO;
				DEBUG_INFORMATION_FORMAT = dwarf;
				ENABLE_STRICT_OBJC_MSGSEND = YES;
				ENABLE_TESTABILITY = YES;
				GCC_C_LANGUAGE_STANDARD = gnu11;
				GCC_DYNAMIC_NO_PIC = NO;
				GCC_NO_COMMON_BLOCKS = YES;
				GCC_OPTIMIZATION_LEVEL = 0;
				GCC_PREPROCESSOR_DEFINITIONS = (
					"DEBUG=1",
					"$(inherited)",
				);
				GCC_WARN_64_TO_32_BIT_CONVERSION = YES;
				GCC_WARN_ABOUT_RETURN_TYPE = YES_ERROR;
				GCC_WARN_UNDECLARED_SELECTOR = YES;
				GCC_WARN_UNINITIALIZED_AUTOS = YES_AGGRESSIVE;
				GCC_WARN_UNUSED_FUNCTION = YES;
				GCC_WARN_UNUSED_VARIABLE = YES;
				IPHONEOS_DEPLOYMENT_TARGET = 15.5;
				MTL_ENABLE_DEBUG_INFO = INCLUDE_SOURCE;
				MTL_FAST_MATH = YES;
				ONLY_ACTIVE_ARCH = YES;
				SDKROOT = iphoneos;
				SWIFT_ACTIVE_COMPILATION_CONDITIONS = DEBUG;
				SWIFT_OPTIMIZATION_LEVEL = "-Onone";
			};
			name = Debug;
		};
		DEA7016C28760C6400B0FD7A /* Release */ = {
			isa = XCBuildConfiguration;
			buildSettings = {
				ALWAYS_SEARCH_USER_PATHS = NO;
				CLANG_ANALYZER_NONNULL = YES;
				CLANG_ANALYZER_NUMBER_OBJECT_CONVERSION = YES_AGGRESSIVE;
				CLANG_CXX_LANGUAGE_STANDARD = "gnu++17";
				CLANG_ENABLE_MODULES = YES;
				CLANG_ENABLE_OBJC_ARC = YES;
				CLANG_ENABLE_OBJC_WEAK = YES;
				CLANG_WARN_BLOCK_CAPTURE_AUTORELEASING = YES;
				CLANG_WARN_BOOL_CONVERSION = YES;
				CLANG_WARN_COMMA = YES;
				CLANG_WARN_CONSTANT_CONVERSION = YES;
				CLANG_WARN_DEPRECATED_OBJC_IMPLEMENTATIONS = YES;
				CLANG_WARN_DIRECT_OBJC_ISA_USAGE = YES_ERROR;
				CLANG_WARN_DOCUMENTATION_COMMENTS = YES;
				CLANG_WARN_EMPTY_BODY = YES;
				CLANG_WARN_ENUM_CONVERSION = YES;
				CLANG_WARN_INFINITE_RECURSION = YES;
				CLANG_WARN_INT_CONVERSION = YES;
				CLANG_WARN_NON_LITERAL_NULL_CONVERSION = YES;
				CLANG_WARN_OBJC_IMPLICIT_RETAIN_SELF = YES;
				CLANG_WARN_OBJC_LITERAL_CONVERSION = YES;
				CLANG_WARN_OBJC_ROOT_CLASS = YES_ERROR;
				CLANG_WARN_QUOTED_INCLUDE_IN_FRAMEWORK_HEADER = YES;
				CLANG_WARN_RANGE_LOOP_ANALYSIS = YES;
				CLANG_WARN_STRICT_PROTOTYPES = YES;
				CLANG_WARN_SUSPICIOUS_MOVE = YES;
				CLANG_WARN_UNGUARDED_AVAILABILITY = YES_AGGRESSIVE;
				CLANG_WARN_UNREACHABLE_CODE = YES;
				CLANG_WARN__DUPLICATE_METHOD_MATCH = YES;
				COPY_PHASE_STRIP = NO;
				DEBUG_INFORMATION_FORMAT = "dwarf-with-dsym";
				ENABLE_NS_ASSERTIONS = NO;
				ENABLE_STRICT_OBJC_MSGSEND = YES;
				GCC_C_LANGUAGE_STANDARD = gnu11;
				GCC_NO_COMMON_BLOCKS = YES;
				GCC_WARN_64_TO_32_BIT_CONVERSION = YES;
				GCC_WARN_ABOUT_RETURN_TYPE = YES_ERROR;
				GCC_WARN_UNDECLARED_SELECTOR = YES;
				GCC_WARN_UNINITIALIZED_AUTOS = YES_AGGRESSIVE;
				GCC_WARN_UNUSED_FUNCTION = YES;
				GCC_WARN_UNUSED_VARIABLE = YES;
				IPHONEOS_DEPLOYMENT_TARGET = 15.5;
				MTL_ENABLE_DEBUG_INFO = NO;
				MTL_FAST_MATH = YES;
				SDKROOT = iphoneos;
				SWIFT_COMPILATION_MODE = wholemodule;
				SWIFT_OPTIMIZATION_LEVEL = "-O";
				VALIDATE_PRODUCT = YES;
			};
			name = Release;
		};
		DEA7016E28760C6400B0FD7A /* Debug */ = {
			isa = XCBuildConfiguration;
			baseConfigurationReference = 4CD15FBAAA5E43EA83FB480B /* Pods-mySideMenuProject.debug.xcconfig */;
			buildSettings = {
				ASSETCATALOG_COMPILER_APPICON_NAME = AppIcon;
				ASSETCATALOG_COMPILER_GLOBAL_ACCENT_COLOR_NAME = AccentColor;
				CODE_SIGN_STYLE = Automatic;
				CURRENT_PROJECT_VERSION = 1;
				DEVELOPMENT_TEAM = 7CRNJ953YN;
				GENERATE_INFOPLIST_FILE = YES;
				INFOPLIST_FILE = mySideMenuProject/Info.plist;
				INFOPLIST_KEY_UIApplicationSupportsIndirectInputEvents = YES;
				INFOPLIST_KEY_UILaunchStoryboardName = LaunchScreen;
				INFOPLIST_KEY_UIMainStoryboardFile = Main;
				INFOPLIST_KEY_UISupportedInterfaceOrientations_iPad = "UIInterfaceOrientationPortrait UIInterfaceOrientationPortraitUpsideDown UIInterfaceOrientationLandscapeLeft UIInterfaceOrientationLandscapeRight";
				INFOPLIST_KEY_UISupportedInterfaceOrientations_iPhone = "UIInterfaceOrientationPortrait UIInterfaceOrientationLandscapeLeft UIInterfaceOrientationLandscapeRight";
				LD_RUNPATH_SEARCH_PATHS = (
					"$(inherited)",
					"@executable_path/Frameworks",
				);
				MARKETING_VERSION = 1.0;
				PRODUCT_BUNDLE_IDENTIFIER = com.omerKilicaslan.mySideMenuProject;
				PRODUCT_NAME = "$(TARGET_NAME)";
				SWIFT_EMIT_LOC_STRINGS = YES;
				SWIFT_VERSION = 5.0;
				TARGETED_DEVICE_FAMILY = "1,2";
			};
			name = Debug;
		};
		DEA7016F28760C6400B0FD7A /* Release */ = {
			isa = XCBuildConfiguration;
			baseConfigurationReference = C04D9C886BFBAD5494E4702C /* Pods-mySideMenuProject.release.xcconfig */;
			buildSettings = {
				ASSETCATALOG_COMPILER_APPICON_NAME = AppIcon;
				ASSETCATALOG_COMPILER_GLOBAL_ACCENT_COLOR_NAME = AccentColor;
				CODE_SIGN_STYLE = Automatic;
				CURRENT_PROJECT_VERSION = 1;
				DEVELOPMENT_TEAM = 7CRNJ953YN;
				GENERATE_INFOPLIST_FILE = YES;
				INFOPLIST_FILE = mySideMenuProject/Info.plist;
				INFOPLIST_KEY_UIApplicationSupportsIndirectInputEvents = YES;
				INFOPLIST_KEY_UILaunchStoryboardName = LaunchScreen;
				INFOPLIST_KEY_UIMainStoryboardFile = Main;
				INFOPLIST_KEY_UISupportedInterfaceOrientations_iPad = "UIInterfaceOrientationPortrait UIInterfaceOrientationPortraitUpsideDown UIInterfaceOrientationLandscapeLeft UIInterfaceOrientationLandscapeRight";
				INFOPLIST_KEY_UISupportedInterfaceOrientations_iPhone = "UIInterfaceOrientationPortrait UIInterfaceOrientationLandscapeLeft UIInterfaceOrientationLandscapeRight";
				LD_RUNPATH_SEARCH_PATHS = (
					"$(inherited)",
					"@executable_path/Frameworks",
				);
				MARKETING_VERSION = 1.0;
				PRODUCT_BUNDLE_IDENTIFIER = com.omerKilicaslan.mySideMenuProject;
				PRODUCT_NAME = "$(TARGET_NAME)";
				SWIFT_EMIT_LOC_STRINGS = YES;
				SWIFT_VERSION = 5.0;
				TARGETED_DEVICE_FAMILY = "1,2";
			};
			name = Release;
		};
/* End XCBuildConfiguration section */

/* Begin XCConfigurationList section */
		DEA7015428760C6200B0FD7A /* Build configuration list for PBXProject "mySideMenuProject" */ = {
			isa = XCConfigurationList;
			buildConfigurations = (
				DEA7016B28760C6400B0FD7A /* Debug */,
				DEA7016C28760C6400B0FD7A /* Release */,
			);
			defaultConfigurationIsVisible = 0;
			defaultConfigurationName = Release;
		};
		DEA7016D28760C6400B0FD7A /* Build configuration list for PBXNativeTarget "mySideMenuProject" */ = {
			isa = XCConfigurationList;
			buildConfigurations = (
				DEA7016E28760C6400B0FD7A /* Debug */,
				DEA7016F28760C6400B0FD7A /* Release */,
			);
			defaultConfigurationIsVisible = 0;
			defaultConfigurationName = Release;
		};
/* End XCConfigurationList section */
	};
	rootObject = DEA7015128760C6200B0FD7A /* Project object */;
}
